
Microsoft Visual Studio Solution File, Format Version 12.00
# Visual Studio 15
VisualStudioVersion = 15.0.27004.2005
MinimumVisualStudioVersion = 10.0.40219.1
Project("{8BC9CEB8-8B4A-11D0-8D11-00A0C91BC942}") = "EXPUtil", "EXPUtil.vcxproj", "{2BF01BB3-A468-4800-A178-A99189B66864}"
EndProject
Global
	GlobalSection(SolutionConfigurationPlatforms) = preSolution
		Debug|x64 = Debug|x64
		Debug|x86 = Debug|x86
		Release|x64 = Release|x64
		Release|x86 = Release|x86
	EndGlobalSection
	GlobalSection(ProjectConfigurationPlatforms) = postSolution
		{2BF01BB3-A468-4800-A178-A99189B66864}.Debug|x64.ActiveCfg = Debug|x64
		{2BF01BB3-A468-4800-A178-A99189B66864}.Debug|x64.Build.0 = Debug|x64
		{2BF01BB3-A468-4800-A178-A99189B66864}.Debug|x86.ActiveCfg = Debug|Win32
		{2BF01BB3-A468-4800-A178-A99189B66864}.Debug|x86.Build.0 = Debug|Win32
		{2BF01BB3-A468-4800-A178-A99189B66864}.Release|x64.ActiveCfg = Release|x64
		{2BF01BB3-A468-4800-A178-A99189B66864}.Release|x64.Build.0 = Release|x64
		{2BF01BB3-A468-4800-A178-A99189B66864}.Release|x86.ActiveCfg = Release|Win32
		{2BF01BB3-A468-4800-A178-A99189B66864}.Release|x86.Build.0 = Release|Win32
	EndGlobalSection
	GlobalSection(SolutionProperties) = preSolution
		HideSolutionNode = FALSE
	EndGlobalSection
	GlobalSection(ExtensibilityGlobals) = postSolution
		SolutionGuid = {39558C23-F525-4551-AC66-9BE280531152}
	EndGlobalSection
EndGlobal
