// !$*UTF8*$!
{
	archiveVersion = 1;
	classes = {
	};
	objectVersion = 48;
	objects = {

/* Begin PBXBuildFile section */
		01427BC81FB75C5C006C09EF /* commitable.hpp in Headers */ = {isa = PBXBuildFile; fileRef = 01427BC61FB75C5C006C09EF /* commitable.hpp */; };
		0156F1961FB1421B00169154 /* spinlock.cpp in Sources */ = {isa = PBXBuildFile; fileRef = 0156F1941FB1421B00169154 /* spinlock.cpp */; };
		0156F1971FB1421B00169154 /* spinlock.hpp in Headers */ = {isa = PBXBuildFile; fileRef = 0156F1951FB1421B00169154 /* spinlock.hpp */; };
/* End PBXBuildFile section */

/* Begin PBXFileReference section */
		01427BC61FB75C5C006C09EF /* commitable.hpp */ = {isa = PBXFileReference; lastKnownFileType = sourcecode.cpp.h; path = commitable.hpp; sourceTree = "<group>"; };
		01427BCA1FB75E0B006C09EF /* EXP_ASSERT.h */ = {isa = PBXFileReference; lastKnownFileType = sourcecode.c.h; path = EXP_ASSERT.h; sourceTree = "<group>"; };
		0156F1831FB1411E00169154 /* libEXPUtil.a */ = {isa = PBXFileReference; explicitFileType = archive.ar; includeInIndex = 0; path = libEXPUtil.a; sourceTree = BUILT_PRODUCTS_DIR; };
		0156F1941FB1421B00169154 /* spinlock.cpp */ = {isa = PBXFileReference; lastKnownFileType = sourcecode.cpp.cpp; path = spinlock.cpp; sourceTree = "<group>"; };
		0156F1951FB1421B00169154 /* spinlock.hpp */ = {isa = PBXFileReference; lastKnownFileType = sourcecode.cpp.h; path = spinlock.hpp; sourceTree = "<group>"; };
/* End PBXFileReference section */

/* Begin PBXFrameworksBuildPhase section */
		0156F1801FB1411E00169154 /* Frameworks */ = {
			isa = PBXFrameworksBuildPhase;
			buildActionMask = 2147483647;
			files = (
			);
			runOnlyForDeploymentPostprocessing = 0;
		};
/* End PBXFrameworksBuildPhase section */

/* Begin PBXGroup section */
		01141EFD1FB148CE0073B878 /* EXPUtil */ = {
			isa = PBXGroup;
			children = (
				01427BC91FB75DFD006C09EF /* assert */,
				01427BC31FB75C42006C09EF /* data */,
				0156F19C1FB1452300169154 /* thread */,
			);
			path = EXPUtil;
			sourceTree = "<group>";
		};
		01427BC31FB75C42006C09EF /* data */ = {
			isa = PBXGroup;
			children = (
				01427BC61FB75C5C006C09EF /* commitable.hpp */,
			);
			path = data;
			sourceTree = "<group>";
		};
		01427BC41FB75C4E006C09EF /* data */ = {
			isa = PBXGroup;
			children = (
			);
			path = data;
			sourceTree = "<group>";
		};
		01427BC91FB75DFD006C09EF /* assert */ = {
			isa = PBXGroup;
			children = (
				01427BCA1FB75E0B006C09EF /* EXP_ASSERT.h */,
			);
			path = assert;
			sourceTree = "<group>";
		};
		0156F17A1FB1411E00169154 = {
			isa = PBXGroup;
			children = (
				0156F1911FB1412A00169154 /* include */,
				0156F1921FB1413B00169154 /* src */,
				0156F1841FB1411E00169154 /* Products */,
			);
			sourceTree = "<group>";
		};
		0156F1841FB1411E00169154 /* Products */ = {
			isa = PBXGroup;
			children = (
				0156F1831FB1411E00169154 /* libEXPUtil.a */,
			);
			name = Products;
			sourceTree = "<group>";
		};
		0156F1911FB1412A00169154 /* include */ = {
			isa = PBXGroup;
			children = (
				01141EFD1FB148CE0073B878 /* EXPUtil */,
			);
			path = include;
			sourceTree = "<group>";
		};
		0156F1921FB1413B00169154 /* src */ = {
			isa = PBXGroup;
			children = (
				01427BC41FB75C4E006C09EF /* data */,
				0156F1931FB1414000169154 /* thread */,
			);
			path = src;
			sourceTree = "<group>";
		};
		0156F1931FB1414000169154 /* thread */ = {
			isa = PBXGroup;
			children = (
				0156F1941FB1421B00169154 /* spinlock.cpp */,
			);
			path = thread;
			sourceTree = "<group>";
		};
		0156F19C1FB1452300169154 /* thread */ = {
			isa = PBXGroup;
			children = (
				0156F1951FB1421B00169154 /* spinlock.hpp */,
			);
			path = thread;
			sourceTree = "<group>";
		};
/* End PBXGroup section */

/* Begin PBXHeadersBuildPhase section */
		0156F1811FB1411E00169154 /* Headers */ = {
			isa = PBXHeadersBuildPhase;
			buildActionMask = 2147483647;
			files = (
				0156F1971FB1421B00169154 /* spinlock.hpp in Headers */,
				01427BC81FB75C5C006C09EF /* commitable.hpp in Headers */,
			);
			runOnlyForDeploymentPostprocessing = 0;
		};
/* End PBXHeadersBuildPhase section */

/* Begin PBXNativeTarget section */
		0156F1821FB1411E00169154 /* EXPUtil */ = {
			isa = PBXNativeTarget;
			buildConfigurationList = 0156F18E1FB1411E00169154 /* Build configuration list for PBXNativeTarget "EXPUtil" */;
			buildPhases = (
				0156F17F1FB1411E00169154 /* Sources */,
				0156F1801FB1411E00169154 /* Frameworks */,
				0156F1811FB1411E00169154 /* Headers */,
				0156F1981FB142CE00169154 /* ShellScript */,
			);
			buildRules = (
			);
			dependencies = (
			);
			name = EXPUtil;
			productName = EXPUtil;
			productReference = 0156F1831FB1411E00169154 /* libEXPUtil.a */;
			productType = "com.apple.product-type.library.static";
		};
/* End PBXNativeTarget section */

/* Begin PBXProject section */
		0156F17B1FB1411E00169154 /* Project object */ = {
			isa = PBXProject;
			attributes = {
				LastUpgradeCheck = 0900;
				ORGANIZATIONNAME = "Nick Fagan";
				TargetAttributes = {
					0156F1821FB1411E00169154 = {
						CreatedOnToolsVersion = 9.0.1;
						ProvisioningStyle = Automatic;
					};
				};
			};
			buildConfigurationList = 0156F17E1FB1411E00169154 /* Build configuration list for PBXProject "EXPUtil" */;
			compatibilityVersion = "Xcode 8.0";
			developmentRegion = en;
			hasScannedForEncodings = 0;
			knownRegions = (
				en,
			);
			mainGroup = 0156F17A1FB1411E00169154;
			productRefGroup = 0156F1841FB1411E00169154 /* Products */;
			projectDirPath = "";
			projectRoot = "";
			targets = (
				0156F1821FB1411E00169154 /* EXPUtil */,
			);
		};
/* End PBXProject section */

/* Begin PBXShellScriptBuildPhase section */
		0156F1981FB142CE00169154 /* ShellScript */ = {
			isa = PBXShellScriptBuildPhase;
			buildActionMask = 2147483647;
			files = (
			);
			inputPaths = (
			);
			outputPaths = (
			);
			runOnlyForDeploymentPostprocessing = 0;
			shellPath = /bin/sh;
			shellScript = "cp \"${BUILD_DIR}/${CONFIGURATION}/libEXPUtil.a\" \"/usr/local/lib/libEXPUtil.a\"";
		};
/* End PBXShellScriptBuildPhase section */

/* Begin PBXSourcesBuildPhase section */
		0156F17F1FB1411E00169154 /* Sources */ = {
			isa = PBXSourcesBuildPhase;
			buildActionMask = 2147483647;
			files = (
				0156F1961FB1421B00169154 /* spinlock.cpp in Sources */,
			);
			runOnlyForDeploymentPostprocessing = 0;
		};
/* End PBXSourcesBuildPhase section */

/* Begin XCBuildConfiguration section */
		0156F18C1FB1411E00169154 /* Debug */ = {
			isa = XCBuildConfiguration;
			buildSettings = {
				ALWAYS_SEARCH_USER_PATHS = NO;
				CLANG_ANALYZER_NONNULL = YES;
				CLANG_ANALYZER_NUMBER_OBJECT_CONVERSION = YES_AGGRESSIVE;
				CLANG_CXX_LANGUAGE_STANDARD = "gnu++14";
				CLANG_CXX_LIBRARY = "libc++";
				CLANG_ENABLE_MODULES = YES;
				CLANG_ENABLE_OBJC_ARC = YES;
				CLANG_WARN_BLOCK_CAPTURE_AUTORELEASING = YES;
				CLANG_WARN_BOOL_CONVERSION = YES;
				CLANG_WARN_COMMA = YES;
				CLANG_WARN_CONSTANT_CONVERSION = YES;
				CLANG_WARN_DIRECT_OBJC_ISA_USAGE = YES_ERROR;
				CLANG_WARN_DOCUMENTATION_COMMENTS = YES;
				CLANG_WARN_EMPTY_BODY = YES;
				CLANG_WARN_ENUM_CONVERSION = YES;
				CLANG_WARN_INFINITE_RECURSION = YES;
				CLANG_WARN_INT_CONVERSION = YES;
				CLANG_WARN_NON_LITERAL_NULL_CONVERSION = YES;
				CLANG_WARN_OBJC_LITERAL_CONVERSION = YES;
				CLANG_WARN_OBJC_ROOT_CLASS = YES_ERROR;
				CLANG_WARN_RANGE_LOOP_ANALYSIS = YES;
				CLANG_WARN_STRICT_PROTOTYPES = YES;
				CLANG_WARN_SUSPICIOUS_MOVE = YES;
				CLANG_WARN_UNGUARDED_AVAILABILITY = YES_AGGRESSIVE;
				CLANG_WARN_UNREACHABLE_CODE = YES;
				CLANG_WARN__DUPLICATE_METHOD_MATCH = YES;
				CODE_SIGN_IDENTITY = "-";
				COPY_PHASE_STRIP = NO;
				DEBUG_INFORMATION_FORMAT = dwarf;
				ENABLE_STRICT_OBJC_MSGSEND = YES;
				ENABLE_TESTABILITY = YES;
				GCC_C_LANGUAGE_STANDARD = gnu11;
				GCC_DYNAMIC_NO_PIC = NO;
				GCC_NO_COMMON_BLOCKS = YES;
				GCC_OPTIMIZATION_LEVEL = 0;
				GCC_PREPROCESSOR_DEFINITIONS = (
					"DEBUG=1",
					"$(inherited)",
				);
				GCC_WARN_64_TO_32_BIT_CONVERSION = YES;
				GCC_WARN_ABOUT_RETURN_TYPE = YES_ERROR;
				GCC_WARN_UNDECLARED_SELECTOR = YES;
				GCC_WARN_UNINITIALIZED_AUTOS = YES_AGGRESSIVE;
				GCC_WARN_UNUSED_FUNCTION = YES;
				GCC_WARN_UNUSED_VARIABLE = YES;
				MACOSX_DEPLOYMENT_TARGET = 10.12;
				MTL_ENABLE_DEBUG_INFO = YES;
				ONLY_ACTIVE_ARCH = YES;
				SDKROOT = macosx;
			};
			name = Debug;
		};
		0156F18D1FB1411E00169154 /* Release */ = {
			isa = XCBuildConfiguration;
			buildSettings = {
				ALWAYS_SEARCH_USER_PATHS = NO;
				CLANG_ANALYZER_NONNULL = YES;
				CLANG_ANALYZER_NUMBER_OBJECT_CONVERSION = YES_AGGRESSIVE;
				CLANG_CXX_LANGUAGE_STANDARD = "gnu++14";
				CLANG_CXX_LIBRARY = "libc++";
				CLANG_ENABLE_MODULES = YES;
				CLANG_ENABLE_OBJC_ARC = YES;
				CLANG_WARN_BLOCK_CAPTURE_AUTORELEASING = YES;
				CLANG_WARN_BOOL_CONVERSION = YES;
				CLANG_WARN_COMMA = YES;
				CLANG_WARN_CONSTANT_CONVERSION = YES;
				CLANG_WARN_DIRECT_OBJC_ISA_USAGE = YES_ERROR;
				CLANG_WARN_DOCUMENTATION_COMMENTS = YES;
				CLANG_WARN_EMPTY_BODY = YES;
				CLANG_WARN_ENUM_CONVERSION = YES;
				CLANG_WARN_INFINITE_RECURSION = YES;
				CLANG_WARN_INT_CONVERSION = YES;
				CLANG_WARN_NON_LITERAL_NULL_CONVERSION = YES;
				CLANG_WARN_OBJC_LITERAL_CONVERSION = YES;
				CLANG_WARN_OBJC_ROOT_CLASS = YES_ERROR;
				CLANG_WARN_RANGE_LOOP_ANALYSIS = YES;
				CLANG_WARN_STRICT_PROTOTYPES = YES;
				CLANG_WARN_SUSPICIOUS_MOVE = YES;
				CLANG_WARN_UNGUARDED_AVAILABILITY = YES_AGGRESSIVE;
				CLANG_WARN_UNREACHABLE_CODE = YES;
				CLANG_WARN__DUPLICATE_METHOD_MATCH = YES;
				CODE_SIGN_IDENTITY = "-";
				COPY_PHASE_STRIP = NO;
				DEBUG_INFORMATION_FORMAT = "dwarf-with-dsym";
				ENABLE_NS_ASSERTIONS = NO;
				ENABLE_STRICT_OBJC_MSGSEND = YES;
				GCC_C_LANGUAGE_STANDARD = gnu11;
				GCC_NO_COMMON_BLOCKS = YES;
				GCC_WARN_64_TO_32_BIT_CONVERSION = YES;
				GCC_WARN_ABOUT_RETURN_TYPE = YES_ERROR;
				GCC_WARN_UNDECLARED_SELECTOR = YES;
				GCC_WARN_UNINITIALIZED_AUTOS = YES_AGGRESSIVE;
				GCC_WARN_UNUSED_FUNCTION = YES;
				GCC_WARN_UNUSED_VARIABLE = YES;
				MACOSX_DEPLOYMENT_TARGET = 10.12;
				MTL_ENABLE_DEBUG_INFO = NO;
				SDKROOT = macosx;
			};
			name = Release;
		};
		0156F18F1FB1411E00169154 /* Debug */ = {
			isa = XCBuildConfiguration;
			buildSettings = {
				CODE_SIGN_STYLE = Automatic;
				EXECUTABLE_PREFIX = lib;
				GCC_ENABLE_CPP_EXCEPTIONS = YES;
				GCC_ENABLE_CPP_RTTI = YES;
				HEADER_SEARCH_PATHS = "$(PROJECT_DIR)/include";
				PRODUCT_NAME = "$(TARGET_NAME)";
			};
			name = Debug;
		};
		0156F1901FB1411E00169154 /* Release */ = {
			isa = XCBuildConfiguration;
			buildSettings = {
				CODE_SIGN_STYLE = Automatic;
				EXECUTABLE_PREFIX = lib;
				GCC_ENABLE_CPP_EXCEPTIONS = YES;
				GCC_ENABLE_CPP_RTTI = YES;
				HEADER_SEARCH_PATHS = "$(PROJECT_DIR)/include";
				PRODUCT_NAME = "$(TARGET_NAME)";
			};
			name = Release;
		};
/* End XCBuildConfiguration section */

/* Begin XCConfigurationList section */
		0156F17E1FB1411E00169154 /* Build configuration list for PBXProject "EXPUtil" */ = {
			isa = XCConfigurationList;
			buildConfigurations = (
				0156F18C1FB1411E00169154 /* Debug */,
				0156F18D1FB1411E00169154 /* Release */,
			);
			defaultConfigurationIsVisible = 0;
			defaultConfigurationName = Release;
		};
		0156F18E1FB1411E00169154 /* Build configuration list for PBXNativeTarget "EXPUtil" */ = {
			isa = XCConfigurationList;
			buildConfigurations = (
				0156F18F1FB1411E00169154 /* Debug */,
				0156F1901FB1411E00169154 /* Release */,
			);
			defaultConfigurationIsVisible = 0;
			defaultConfigurationName = Release;
		};
/* End XCConfigurationList section */
	};
	rootObject = 0156F17B1FB1411E00169154 /* Project object */;
}
